
Microsoft Visual Studio Solution File, Format Version 12.00
# Visual Studio Version 16
VisualStudioVersion = 16.0.31624.102
MinimumVisualStudioVersion = 10.0.40219.1
Project("{FAE04EC0-301F-11D3-BF4B-00C04F79EFBC}") = "EditorTemplateBug", "EditorTemplateBug\EditorTemplateBug.csproj", "{3305FA13-A988-4CE3-AE77-1A58FA73126F}"
EndProject
Global
	GlobalSection(SolutionConfigurationPlatforms) = preSolution
		Debug|Any CPU = Debug|Any CPU
		Release|Any CPU = Release|Any CPU
	EndGlobalSection
	GlobalSection(ProjectConfigurationPlatforms) = postSolution
		{3305FA13-A988-4CE3-AE77-1A58FA73126F}.Debug|Any CPU.ActiveCfg = Debug|Any CPU
		{3305FA13-A988-4CE3-AE77-1A58FA73126F}.Debug|Any CPU.Build.0 = Debug|Any CPU
		{3305FA13-A988-4CE3-AE77-1A58FA73126F}.Release|Any CPU.ActiveCfg = Release|Any CPU
		{3305FA13-A988-4CE3-AE77-1A58FA73126F}.Release|Any CPU.Build.0 = Release|Any CPU
	EndGlobalSection
	GlobalSection(SolutionProperties) = preSolution
		HideSolutionNode = FALSE
	EndGlobalSection
	GlobalSection(ExtensibilityGlobals) = postSolution
		SolutionGuid = {521109D4-4654-4B81-B8C5-E51B3139DAEF}
	EndGlobalSection
EndGlobal
